// !$*UTF8*$!
{
	archiveVersion = 1;
	classes = {
	};
	objectVersion = 46;
	objects = {

/* Begin PBXBuildFile section */
		873DBB231BF9659600F1C71D /* SightTableViewController.m in Sources */ = {isa = PBXBuildFile; fileRef = 873DBB221BF9659600F1C71D /* SightTableViewController.m */; };
		873DBB261BF9675000F1C71D /* SightDetailViewController.m in Sources */ = {isa = PBXBuildFile; fileRef = 873DBB251BF9675000F1C71D /* SightDetailViewController.m */; };
		873DBB2C1BF9951700F1C71D /* DownLoadManager.m in Sources */ = {isa = PBXBuildFile; fileRef = 873DBB2B1BF9951700F1C71D /* DownLoadManager.m */; };
		8779AB451BF17F92003A8106 /* main.m in Sources */ = {isa = PBXBuildFile; fileRef = 8779AB441BF17F92003A8106 /* main.m */; };
		8779AB481BF17F92003A8106 /* AppDelegate.m in Sources */ = {isa = PBXBuildFile; fileRef = 8779AB471BF17F92003A8106 /* AppDelegate.m */; };
		8779AB4E1BF17F92003A8106 /* Main.storyboard in Resources */ = {isa = PBXBuildFile; fileRef = 8779AB4C1BF17F92003A8106 /* Main.storyboard */; };
		8779AB501BF17F92003A8106 /* Assets.xcassets in Resources */ = {isa = PBXBuildFile; fileRef = 8779AB4F1BF17F92003A8106 /* Assets.xcassets */; };
		8779AB531BF17F92003A8106 /* LaunchScreen.storyboard in Resources */ = {isa = PBXBuildFile; fileRef = 8779AB511BF17F92003A8106 /* LaunchScreen.storyboard */; };
		8779AB641BF18033003A8106 /* RXMLElement.m in Sources */ = {isa = PBXBuildFile; fileRef = 8779AB631BF18033003A8106 /* RXMLElement.m */; };
		8779AB671BF18075003A8106 /* TypeTableViewController.m in Sources */ = {isa = PBXBuildFile; fileRef = 8779AB661BF18075003A8106 /* TypeTableViewController.m */; };
		8779AB691BF180D1003A8106 /* libxml2.tbd in Frameworks */ = {isa = PBXBuildFile; fileRef = 8779AB681BF180D1003A8106 /* libxml2.tbd */; };
		8787C7DA1C15491A002408BB /* DataBaseManager.m in Sources */ = {isa = PBXBuildFile; fileRef = 8787C7D91C15491A002408BB /* DataBaseManager.m */; };
		8787C7E71C167301002408BB /* FMDatabase.m in Sources */ = {isa = PBXBuildFile; fileRef = 8787C7DD1C167301002408BB /* FMDatabase.m */; };
		8787C7E81C167301002408BB /* FMDatabaseAdditions.m in Sources */ = {isa = PBXBuildFile; fileRef = 8787C7DF1C167301002408BB /* FMDatabaseAdditions.m */; };
		8787C7E91C167301002408BB /* FMDatabasePool.m in Sources */ = {isa = PBXBuildFile; fileRef = 8787C7E11C167301002408BB /* FMDatabasePool.m */; };
		8787C7EA1C167301002408BB /* FMDatabaseQueue.m in Sources */ = {isa = PBXBuildFile; fileRef = 8787C7E31C167301002408BB /* FMDatabaseQueue.m */; };
		8787C7EB1C167301002408BB /* FMResultSet.m in Sources */ = {isa = PBXBuildFile; fileRef = 8787C7E61C167301002408BB /* FMResultSet.m */; };
		8787C7ED1C16A059002408BB /* libsqlite3.tbd in Frameworks */ = {isa = PBXBuildFile; fileRef = 8787C7EC1C16A059002408BB /* libsqlite3.tbd */; };
		87EB876C1C22B1380072D554 /* CQSightTableViewCell.m in Sources */ = {isa = PBXBuildFile; fileRef = 87EB876B1C22B1380072D554 /* CQSightTableViewCell.m */; };
		87F13C8C1BF2D892004FF343 /* SightType.m in Sources */ = {isa = PBXBuildFile; fileRef = 87F13C8B1BF2D892004FF343 /* SightType.m */; };
		87F13C931BF2E1D3004FF343 /* Sight.m in Sources */ = {isa = PBXBuildFile; fileRef = 87F13C921BF2E1D3004FF343 /* Sight.m */; };
/* End PBXBuildFile section */

/* Begin PBXFileReference section */
		873DBB211BF9659600F1C71D /* SightTableViewController.h */ = {isa = PBXFileReference; fileEncoding = 4; lastKnownFileType = sourcecode.c.h; name = SightTableViewController.h; path = ViewControllers/SightTableViewController.h; sourceTree = "<group>"; };
		873DBB221BF9659600F1C71D /* SightTableViewController.m */ = {isa = PBXFileReference; fileEncoding = 4; lastKnownFileType = sourcecode.c.objc; name = SightTableViewController.m; path = ViewControllers/SightTableViewController.m; sourceTree = "<group>"; };
		873DBB241BF9675000F1C71D /* SightDetailViewController.h */ = {isa = PBXFileReference; fileEncoding = 4; lastKnownFileType = sourcecode.c.h; name = SightDetailViewController.h; path = ViewControllers/SightDetailViewController.h; sourceTree = "<group>"; };
		873DBB251BF9675000F1C71D /* SightDetailViewController.m */ = {isa = PBXFileReference; fileEncoding = 4; lastKnownFileType = sourcecode.c.objc; name = SightDetailViewController.m; path = ViewControllers/SightDetailViewController.m; sourceTree = "<group>"; };
		873DBB2A1BF9951700F1C71D /* DownLoadManager.h */ = {isa = PBXFileReference; fileEncoding = 4; lastKnownFileType = sourcecode.c.h; name = DownLoadManager.h; path = Models/DownLoadManager.h; sourceTree = "<group>"; };
		873DBB2B1BF9951700F1C71D /* DownLoadManager.m */ = {isa = PBXFileReference; fileEncoding = 4; lastKnownFileType = sourcecode.c.objc; name = DownLoadManager.m; path = Models/DownLoadManager.m; sourceTree = "<group>"; };
		8779AB401BF17F92003A8106 /* CQTravelGuide.app */ = {isa = PBXFileReference; explicitFileType = wrapper.application; includeInIndex = 0; path = CQTravelGuide.app; sourceTree = BUILT_PRODUCTS_DIR; };
		8779AB441BF17F92003A8106 /* main.m */ = {isa = PBXFileReference; lastKnownFileType = sourcecode.c.objc; path = main.m; sourceTree = "<group>"; };
		8779AB461BF17F92003A8106 /* AppDelegate.h */ = {isa = PBXFileReference; lastKnownFileType = sourcecode.c.h; path = AppDelegate.h; sourceTree = "<group>"; };
		8779AB471BF17F92003A8106 /* AppDelegate.m */ = {isa = PBXFileReference; lastKnownFileType = sourcecode.c.objc; path = AppDelegate.m; sourceTree = "<group>"; };
		8779AB4D1BF17F92003A8106 /* Base */ = {isa = PBXFileReference; lastKnownFileType = file.storyboard; name = Base; path = Base.lproj/Main.storyboard; sourceTree = "<group>"; };
		8779AB4F1BF17F92003A8106 /* Assets.xcassets */ = {isa = PBXFileReference; lastKnownFileType = folder.assetcatalog; path = Assets.xcassets; sourceTree = "<group>"; };
		8779AB521BF17F92003A8106 /* Base */ = {isa = PBXFileReference; lastKnownFileType = file.storyboard; name = Base; path = Base.lproj/LaunchScreen.storyboard; sourceTree = "<group>"; };
		8779AB541BF17F92003A8106 /* Info.plist */ = {isa = PBXFileReference; lastKnownFileType = text.plist.xml; path = Info.plist; sourceTree = "<group>"; };
		8779AB621BF18033003A8106 /* RXMLElement.h */ = {isa = PBXFileReference; fileEncoding = 4; lastKnownFileType = sourcecode.c.h; path = RXMLElement.h; sourceTree = "<group>"; };
		8779AB631BF18033003A8106 /* RXMLElement.m */ = {isa = PBXFileReference; fileEncoding = 4; lastKnownFileType = sourcecode.c.objc; path = RXMLElement.m; sourceTree = "<group>"; };
		8779AB651BF18075003A8106 /* TypeTableViewController.h */ = {isa = PBXFileReference; fileEncoding = 4; lastKnownFileType = sourcecode.c.h; name = TypeTableViewController.h; path = ViewControllers/TypeTableViewController.h; sourceTree = "<group>"; };
		8779AB661BF18075003A8106 /* TypeTableViewController.m */ = {isa = PBXFileReference; fileEncoding = 4; lastKnownFileType = sourcecode.c.objc; name = TypeTableViewController.m; path = ViewControllers/TypeTableViewController.m; sourceTree = "<group>"; };
		8779AB681BF180D1003A8106 /* libxml2.tbd */ = {isa = PBXFileReference; lastKnownFileType = "sourcecode.text-based-dylib-definition"; name = libxml2.tbd; path = usr/lib/libxml2.tbd; sourceTree = SDKROOT; };
		8787C7D81C15491A002408BB /* DataBaseManager.h */ = {isa = PBXFileReference; fileEncoding = 4; lastKnownFileType = sourcecode.c.h; name = DataBaseManager.h; path = Models/DataBaseManager.h; sourceTree = "<group>"; };
		8787C7D91C15491A002408BB /* DataBaseManager.m */ = {isa = PBXFileReference; fileEncoding = 4; lastKnownFileType = sourcecode.c.objc; name = DataBaseManager.m; path = Models/DataBaseManager.m; sourceTree = "<group>"; };
		8787C7DC1C167301002408BB /* FMDatabase.h */ = {isa = PBXFileReference; fileEncoding = 4; lastKnownFileType = sourcecode.c.h; path = FMDatabase.h; sourceTree = "<group>"; };
		8787C7DD1C167301002408BB /* FMDatabase.m */ = {isa = PBXFileReference; fileEncoding = 4; lastKnownFileType = sourcecode.c.objc; path = FMDatabase.m; sourceTree = "<group>"; };
		8787C7DE1C167301002408BB /* FMDatabaseAdditions.h */ = {isa = PBXFileReference; fileEncoding = 4; lastKnownFileType = sourcecode.c.h; path = FMDatabaseAdditions.h; sourceTree = "<group>"; };
		8787C7DF1C167301002408BB /* FMDatabaseAdditions.m */ = {isa = PBXFileReference; fileEncoding = 4; lastKnownFileType = sourcecode.c.objc; path = FMDatabaseAdditions.m; sourceTree = "<group>"; };
		8787C7E01C167301002408BB /* FMDatabasePool.h */ = {isa = PBXFileReference; fileEncoding = 4; lastKnownFileType = sourcecode.c.h; path = FMDatabasePool.h; sourceTree = "<group>"; };
		8787C7E11C167301002408BB /* FMDatabasePool.m */ = {isa = PBXFileReference; fileEncoding = 4; lastKnownFileType = sourcecode.c.objc; path = FMDatabasePool.m; sourceTree = "<group>"; };
		8787C7E21C167301002408BB /* FMDatabaseQueue.h */ = {isa = PBXFileReference; fileEncoding = 4; lastKnownFileType = sourcecode.c.h; path = FMDatabaseQueue.h; sourceTree = "<group>"; };
		8787C7E31C167301002408BB /* FMDatabaseQueue.m */ = {isa = PBXFileReference; fileEncoding = 4; lastKnownFileType = sourcecode.c.objc; path = FMDatabaseQueue.m; sourceTree = "<group>"; };
		8787C7E41C167301002408BB /* FMDB.h */ = {isa = PBXFileReference; fileEncoding = 4; lastKnownFileType = sourcecode.c.h; path = FMDB.h; sourceTree = "<group>"; };
		8787C7E51C167301002408BB /* FMResultSet.h */ = {isa = PBXFileReference; fileEncoding = 4; lastKnownFileType = sourcecode.c.h; path = FMResultSet.h; sourceTree = "<group>"; };
		8787C7E61C167301002408BB /* FMResultSet.m */ = {isa = PBXFileReference; fileEncoding = 4; lastKnownFileType = sourcecode.c.objc; path = FMResultSet.m; sourceTree = "<group>"; };
		8787C7EC1C16A059002408BB /* libsqlite3.tbd */ = {isa = PBXFileReference; lastKnownFileType = "sourcecode.text-based-dylib-definition"; name = libsqlite3.tbd; path = usr/lib/libsqlite3.tbd; sourceTree = SDKROOT; };
		87EB876A1C22B1380072D554 /* CQSightTableViewCell.h */ = {isa = PBXFileReference; fileEncoding = 4; lastKnownFileType = sourcecode.c.h; name = CQSightTableViewCell.h; path = Views/CQSightTableViewCell.h; sourceTree = "<group>"; };
		87EB876B1C22B1380072D554 /* CQSightTableViewCell.m */ = {isa = PBXFileReference; fileEncoding = 4; lastKnownFileType = sourcecode.c.objc; name = CQSightTableViewCell.m; path = Views/CQSightTableViewCell.m; sourceTree = "<group>"; };
		87F13C8A1BF2D892004FF343 /* SightType.h */ = {isa = PBXFileReference; fileEncoding = 4; lastKnownFileType = sourcecode.c.h; name = SightType.h; path = Models/SightType.h; sourceTree = "<group>"; };
		87F13C8B1BF2D892004FF343 /* SightType.m */ = {isa = PBXFileReference; fileEncoding = 4; lastKnownFileType = sourcecode.c.objc; name = SightType.m; path = Models/SightType.m; sourceTree = "<group>"; };
		87F13C911BF2E1D3004FF343 /* Sight.h */ = {isa = PBXFileReference; fileEncoding = 4; lastKnownFileType = sourcecode.c.h; name = Sight.h; path = Models/Sight.h; sourceTree = "<group>"; };
		87F13C921BF2E1D3004FF343 /* Sight.m */ = {isa = PBXFileReference; fileEncoding = 4; lastKnownFileType = sourcecode.c.objc; name = Sight.m; path = Models/Sight.m; sourceTree = "<group>"; };
/* End PBXFileReference section */

/* Begin PBXFrameworksBuildPhase section */
		8779AB3D1BF17F92003A8106 /* Frameworks */ = {
			isa = PBXFrameworksBuildPhase;
			buildActionMask = 2147483647;
			files = (
				8787C7ED1C16A059002408BB /* libsqlite3.tbd in Frameworks */,
				8779AB691BF180D1003A8106 /* libxml2.tbd in Frameworks */,
			);
			runOnlyForDeploymentPostprocessing = 0;
		};
/* End PBXFrameworksBuildPhase section */

/* Begin PBXGroup section */
		8779AB371BF17F92003A8106 = {
			isa = PBXGroup;
			children = (
				8787C7EC1C16A059002408BB /* libsqlite3.tbd */,
				8779AB421BF17F92003A8106 /* CQTravelGuide */,
				8779AB411BF17F92003A8106 /* Products */,
			);
			sourceTree = "<group>";
		};
		8779AB411BF17F92003A8106 /* Products */ = {
			isa = PBXGroup;
			children = (
				8779AB401BF17F92003A8106 /* CQTravelGuide.app */,
			);
			name = Products;
			sourceTree = "<group>";
		};
		8779AB421BF17F92003A8106 /* CQTravelGuide */ = {
			isa = PBXGroup;
			children = (
				8779AB461BF17F92003A8106 /* AppDelegate.h */,
				8779AB471BF17F92003A8106 /* AppDelegate.m */,
				8779AB4C1BF17F92003A8106 /* Main.storyboard */,
				87F13C8D1BF2D898004FF343 /* Models */,
				87EB87691C22A7CD0072D554 /* Views */,
				8779AB6A1BF181B2003A8106 /* Controllers */,
				8779AB601BF18033003A8106 /* Vendor */,
				8779AB4F1BF17F92003A8106 /* Assets.xcassets */,
				8779AB681BF180D1003A8106 /* libxml2.tbd */,
				8779AB511BF17F92003A8106 /* LaunchScreen.storyboard */,
				8779AB541BF17F92003A8106 /* Info.plist */,
				8779AB431BF17F92003A8106 /* Supporting Files */,
			);
			path = CQTravelGuide;
			sourceTree = "<group>";
		};
		8779AB431BF17F92003A8106 /* Supporting Files */ = {
			isa = PBXGroup;
			children = (
				8779AB441BF17F92003A8106 /* main.m */,
			);
			name = "Supporting Files";
			sourceTree = "<group>";
		};
		8779AB601BF18033003A8106 /* Vendor */ = {
			isa = PBXGroup;
			children = (
				8787C7DB1C167301002408BB /* fmdb */,
				8779AB611BF18033003A8106 /* RaptureXML */,
			);
			path = Vendor;
			sourceTree = "<group>";
		};
		8779AB611BF18033003A8106 /* RaptureXML */ = {
			isa = PBXGroup;
			children = (
				8779AB621BF18033003A8106 /* RXMLElement.h */,
				8779AB631BF18033003A8106 /* RXMLElement.m */,
			);
			path = RaptureXML;
			sourceTree = "<group>";
		};
		8779AB6A1BF181B2003A8106 /* Controllers */ = {
			isa = PBXGroup;
			children = (
				8779AB651BF18075003A8106 /* TypeTableViewController.h */,
				8779AB661BF18075003A8106 /* TypeTableViewController.m */,
				873DBB211BF9659600F1C71D /* SightTableViewController.h */,
				873DBB221BF9659600F1C71D /* SightTableViewController.m */,
				873DBB241BF9675000F1C71D /* SightDetailViewController.h */,
				873DBB251BF9675000F1C71D /* SightDetailViewController.m */,
			);
			name = Controllers;
			sourceTree = "<group>";
		};
		8787C7DB1C167301002408BB /* fmdb */ = {
			isa = PBXGroup;
			children = (
				8787C7DC1C167301002408BB /* FMDatabase.h */,
				8787C7DD1C167301002408BB /* FMDatabase.m */,
				8787C7DE1C167301002408BB /* FMDatabaseAdditions.h */,
				8787C7DF1C167301002408BB /* FMDatabaseAdditions.m */,
				8787C7E01C167301002408BB /* FMDatabasePool.h */,
				8787C7E11C167301002408BB /* FMDatabasePool.m */,
				8787C7E21C167301002408BB /* FMDatabaseQueue.h */,
				8787C7E31C167301002408BB /* FMDatabaseQueue.m */,
				8787C7E41C167301002408BB /* FMDB.h */,
				8787C7E51C167301002408BB /* FMResultSet.h */,
				8787C7E61C167301002408BB /* FMResultSet.m */,
			);
			path = fmdb;
			sourceTree = "<group>";
		};
		87EB87691C22A7CD0072D554 /* Views */ = {
			isa = PBXGroup;
			children = (
				87EB876A1C22B1380072D554 /* CQSightTableViewCell.h */,
				87EB876B1C22B1380072D554 /* CQSightTableViewCell.m */,
			);
			name = Views;
			sourceTree = "<group>";
		};
		87F13C8D1BF2D898004FF343 /* Models */ = {
			isa = PBXGroup;
			children = (
				87F13C8A1BF2D892004FF343 /* SightType.h */,
				87F13C8B1BF2D892004FF343 /* SightType.m */,
				87F13C911BF2E1D3004FF343 /* Sight.h */,
				87F13C921BF2E1D3004FF343 /* Sight.m */,
				873DBB2A1BF9951700F1C71D /* DownLoadManager.h */,
				873DBB2B1BF9951700F1C71D /* DownLoadManager.m */,
				8787C7D81C15491A002408BB /* DataBaseManager.h */,
				8787C7D91C15491A002408BB /* DataBaseManager.m */,
			);
			name = Models;
			sourceTree = "<group>";
		};
/* End PBXGroup section */

/* Begin PBXNativeTarget section */
		8779AB3F1BF17F92003A8106 /* CQTravelGuide */ = {
			isa = PBXNativeTarget;
			buildConfigurationList = 8779AB571BF17F92003A8106 /* Build configuration list for PBXNativeTarget "CQTravelGuide" */;
			buildPhases = (
				8779AB3C1BF17F92003A8106 /* Sources */,
				8779AB3D1BF17F92003A8106 /* Frameworks */,
				8779AB3E1BF17F92003A8106 /* Resources */,
			);
			buildRules = (
			);
			dependencies = (
			);
			name = CQTravelGuide;
			productName = CQTravelGuide;
			productReference = 8779AB401BF17F92003A8106 /* CQTravelGuide.app */;
			productType = "com.apple.product-type.application";
		};
/* End PBXNativeTarget section */

/* Begin PBXProject section */
		8779AB381BF17F92003A8106 /* Project object */ = {
			isa = PBXProject;
			attributes = {
				CLASSPREFIX = CQ;
				LastUpgradeCheck = 0700;
				ORGANIZATIONNAME = LaiYong;
				TargetAttributes = {
					8779AB3F1BF17F92003A8106 = {
						CreatedOnToolsVersion = 7.0.1;
						DevelopmentTeam = 93YJBVG839;
					};
				};
			};
			buildConfigurationList = 8779AB3B1BF17F92003A8106 /* Build configuration list for PBXProject "CQTravelGuide" */;
			compatibilityVersion = "Xcode 3.2";
			developmentRegion = English;
			hasScannedForEncodings = 0;
			knownRegions = (
				en,
				Base,
			);
			mainGroup = 8779AB371BF17F92003A8106;
			productRefGroup = 8779AB411BF17F92003A8106 /* Products */;
			projectDirPath = "";
			projectRoot = "";
			targets = (
				8779AB3F1BF17F92003A8106 /* CQTravelGuide */,
			);
		};
/* End PBXProject section */

/* Begin PBXResourcesBuildPhase section */
		8779AB3E1BF17F92003A8106 /* Resources */ = {
			isa = PBXResourcesBuildPhase;
			buildActionMask = 2147483647;
			files = (
				8779AB531BF17F92003A8106 /* LaunchScreen.storyboard in Resources */,
				8779AB501BF17F92003A8106 /* Assets.xcassets in Resources */,
				8779AB4E1BF17F92003A8106 /* Main.storyboard in Resources */,
			);
			runOnlyForDeploymentPostprocessing = 0;
		};
/* End PBXResourcesBuildPhase section */

/* Begin PBXSourcesBuildPhase section */
		8779AB3C1BF17F92003A8106 /* Sources */ = {
			isa = PBXSourcesBuildPhase;
			buildActionMask = 2147483647;
			files = (
				87F13C931BF2E1D3004FF343 /* Sight.m in Sources */,
				8779AB671BF18075003A8106 /* TypeTableViewController.m in Sources */,
				8787C7E91C167301002408BB /* FMDatabasePool.m in Sources */,
				8787C7EA1C167301002408BB /* FMDatabaseQueue.m in Sources */,
				873DBB231BF9659600F1C71D /* SightTableViewController.m in Sources */,
				87F13C8C1BF2D892004FF343 /* SightType.m in Sources */,
				8787C7DA1C15491A002408BB /* DataBaseManager.m in Sources */,
				87EB876C1C22B1380072D554 /* CQSightTableViewCell.m in Sources */,
				8779AB481BF17F92003A8106 /* AppDelegate.m in Sources */,
				873DBB261BF9675000F1C71D /* SightDetailViewController.m in Sources */,
				8787C7EB1C167301002408BB /* FMResultSet.m in Sources */,
				8779AB641BF18033003A8106 /* RXMLElement.m in Sources */,
				8779AB451BF17F92003A8106 /* main.m in Sources */,
				8787C7E71C167301002408BB /* FMDatabase.m in Sources */,
				873DBB2C1BF9951700F1C71D /* DownLoadManager.m in Sources */,
				8787C7E81C167301002408BB /* FMDatabaseAdditions.m in Sources */,
			);
			runOnlyForDeploymentPostprocessing = 0;
		};
/* End PBXSourcesBuildPhase section */

/* Begin PBXVariantGroup section */
		8779AB4C1BF17F92003A8106 /* Main.storyboard */ = {
			isa = PBXVariantGroup;
			children = (
				8779AB4D1BF17F92003A8106 /* Base */,
			);
			name = Main.storyboard;
			sourceTree = "<group>";
		};
		8779AB511BF17F92003A8106 /* LaunchScreen.storyboard */ = {
			isa = PBXVariantGroup;
			children = (
				8779AB521BF17F92003A8106 /* Base */,
			);
			name = LaunchScreen.storyboard;
			sourceTree = "<group>";
		};
/* End PBXVariantGroup section */

/* Begin XCBuildConfiguration section */
		8779AB551BF17F92003A8106 /* Debug */ = {
			isa = XCBuildConfiguration;
			buildSettings = {
				ALWAYS_SEARCH_USER_PATHS = NO;
				CLANG_CXX_LANGUAGE_STANDARD = "gnu++0x";
				CLANG_CXX_LIBRARY = "libc++";
				CLANG_ENABLE_MODULES = YES;
				CLANG_ENABLE_OBJC_ARC = YES;
				CLANG_WARN_BOOL_CONVERSION = YES;
				CLANG_WARN_CONSTANT_CONVERSION = YES;
				CLANG_WARN_DIRECT_OBJC_ISA_USAGE = YES_ERROR;
				CLANG_WARN_EMPTY_BODY = YES;
				CLANG_WARN_ENUM_CONVERSION = YES;
				CLANG_WARN_INT_CONVERSION = YES;
				CLANG_WARN_OBJC_ROOT_CLASS = YES_ERROR;
				CLANG_WARN_UNREACHABLE_CODE = YES;
				CLANG_WARN__DUPLICATE_METHOD_MATCH = YES;
				"CODE_SIGN_IDENTITY[sdk=iphoneos*]" = "iPhone Developer";
				COPY_PHASE_STRIP = NO;
				DEBUG_INFORMATION_FORMAT = dwarf;
				ENABLE_STRICT_OBJC_MSGSEND = YES;
				ENABLE_TESTABILITY = YES;
				GCC_C_LANGUAGE_STANDARD = gnu99;
				GCC_DYNAMIC_NO_PIC = NO;
				GCC_NO_COMMON_BLOCKS = YES;
				GCC_OPTIMIZATION_LEVEL = 0;
				GCC_PREPROCESSOR_DEFINITIONS = (
					"DEBUG=1",
					"$(inherited)",
				);
				GCC_WARN_64_TO_32_BIT_CONVERSION = YES;
				GCC_WARN_ABOUT_RETURN_TYPE = YES_ERROR;
				GCC_WARN_UNDECLARED_SELECTOR = YES;
				GCC_WARN_UNINITIALIZED_AUTOS = YES_AGGRESSIVE;
				GCC_WARN_UNUSED_FUNCTION = YES;
				GCC_WARN_UNUSED_VARIABLE = YES;
				IPHONEOS_DEPLOYMENT_TARGET = 9.0;
				MTL_ENABLE_DEBUG_INFO = YES;
				ONLY_ACTIVE_ARCH = YES;
				SDKROOT = iphoneos;
			};
			name = Debug;
		};
		8779AB561BF17F92003A8106 /* Release */ = {
			isa = XCBuildConfiguration;
			buildSettings = {
				ALWAYS_SEARCH_USER_PATHS = NO;
				CLANG_CXX_LANGUAGE_STANDARD = "gnu++0x";
				CLANG_CXX_LIBRARY = "libc++";
				CLANG_ENABLE_MODULES = YES;
				CLANG_ENABLE_OBJC_ARC = YES;
				CLANG_WARN_BOOL_CONVERSION = YES;
				CLANG_WARN_CONSTANT_CONVERSION = YES;
				CLANG_WARN_DIRECT_OBJC_ISA_USAGE = YES_ERROR;
				CLANG_WARN_EMPTY_BODY = YES;
				CLANG_WARN_ENUM_CONVERSION = YES;
				CLANG_WARN_INT_CONVERSION = YES;
				CLANG_WARN_OBJC_ROOT_CLASS = YES_ERROR;
				CLANG_WARN_UNREACHABLE_CODE = YES;
				CLANG_WARN__DUPLICATE_METHOD_MATCH = YES;
				"CODE_SIGN_IDENTITY[sdk=iphoneos*]" = "iPhone Developer";
				COPY_PHASE_STRIP = NO;
				DEBUG_INFORMATION_FORMAT = "dwarf-with-dsym";
				ENABLE_NS_ASSERTIONS = NO;
				ENABLE_STRICT_OBJC_MSGSEND = YES;
				GCC_C_LANGUAGE_STANDARD = gnu99;
				GCC_NO_COMMON_BLOCKS = YES;
				GCC_WARN_64_TO_32_BIT_CONVERSION = YES;
				GCC_WARN_ABOUT_RETURN_TYPE = YES_ERROR;
				GCC_WARN_UNDECLARED_SELECTOR = YES;
				GCC_WARN_UNINITIALIZED_AUTOS = YES_AGGRESSIVE;
				GCC_WARN_UNUSED_FUNCTION = YES;
				GCC_WARN_UNUSED_VARIABLE = YES;
				IPHONEOS_DEPLOYMENT_TARGET = 9.0;
				MTL_ENABLE_DEBUG_INFO = NO;
				SDKROOT = iphoneos;
				VALIDATE_PRODUCT = YES;
			};
			name = Release;
		};
		8779AB581BF17F92003A8106 /* Debug */ = {
			isa = XCBuildConfiguration;
			buildSettings = {
				ASSETCATALOG_COMPILER_APPICON_NAME = AppIcon;
				HEADER_SEARCH_PATHS = (
					add,
					"\"$(SDK_DIR)\"/usr/include/libxml2",
				);
				INFOPLIST_FILE = CQTravelGuide/Info.plist;
				IPHONEOS_DEPLOYMENT_TARGET = 8.0;
				LD_RUNPATH_SEARCH_PATHS = "$(inherited) @executable_path/Frameworks";
				PRODUCT_BUNDLE_IDENTIFIER = com.LaiYong.CQTravelGuide;
				PRODUCT_NAME = "$(TARGET_NAME)";
				USER_HEADER_SEARCH_PATHS = "";
			};
			name = Debug;
		};
		8779AB591BF17F92003A8106 /* Release */ = {
			isa = XCBuildConfiguration;
			buildSettings = {
				ASSETCATALOG_COMPILER_APPICON_NAME = AppIcon;
				HEADER_SEARCH_PATHS = (
					add,
					"\"$(SDK_DIR)\"/usr/include/libxml2",
				);
				INFOPLIST_FILE = CQTravelGuide/Info.plist;
				IPHONEOS_DEPLOYMENT_TARGET = 8.0;
				LD_RUNPATH_SEARCH_PATHS = "$(inherited) @executable_path/Frameworks";
				PRODUCT_BUNDLE_IDENTIFIER = com.LaiYong.CQTravelGuide;
				PRODUCT_NAME = "$(TARGET_NAME)";
				USER_HEADER_SEARCH_PATHS = "";
			};
			name = Release;
		};
/* End XCBuildConfiguration section */

/* Begin XCConfigurationList section */
		8779AB3B1BF17F92003A8106 /* Build configuration list for PBXProject "CQTravelGuide" */ = {
			isa = XCConfigurationList;
			buildConfigurations = (
				8779AB551BF17F92003A8106 /* Debug */,
				8779AB561BF17F92003A8106 /* Release */,
			);
			defaultConfigurationIsVisible = 0;
			defaultConfigurationName = Release;
		};
		8779AB571BF17F92003A8106 /* Build configuration list for PBXNativeTarget "CQTravelGuide" */ = {
			isa = XCConfigurationList;
			buildConfigurations = (
				8779AB581BF17F92003A8106 /* Debug */,
				8779AB591BF17F92003A8106 /* Release */,
			);
			defaultConfigurationIsVisible = 0;
			defaultConfigurationName = Release;
		};
/* End XCConfigurationList section */
	};
	rootObject = 8779AB381BF17F92003A8106 /* Project object */;
}
